
Microsoft Visual Studio Solution File, Format Version 12.00
# Visual Studio Version 16
VisualStudioVersion = 16.0.31729.503
MinimumVisualStudioVersion = 10.0.40219.1
Project("{9A19103F-16F7-4668-BE54-9A1E7A4F7556}") = "QQRobot.Mirai.NetWinForm", "QQRobot.Mirai.NetWinForm\QQRobot.Mirai.NetWinForm.csproj", "{3CE5969F-69CF-4B80-8A9A-F0D8C890CB42}"
EndProject
Project("{9A19103F-16F7-4668-BE54-9A1E7A4F7556}") = "Mirai.Net", "Mirai.Net\Mirai.Net.csproj", "{9DC65E5C-6FF3-4E0B-B0BC-A73CC7B9D29F}"
EndProject
Project("{2150E333-8FDC-42A3-9474-1A3956D46DE8}") = "01.Service", "01.Service", "{27C6930E-561D-435E-9F9F-D4101EB723D6}"
EndProject
Project("{2150E333-8FDC-42A3-9474-1A3956D46DE8}") = "02.Models", "02.Models", "{16EF3897-14E3-4931-B8BF-E91C103AC0C9}"
EndProject
Project("{9A19103F-16F7-4668-BE54-9A1E7A4F7556}") = "PinDuoDuo.Models", "PinDuoDuo.Models\PinDuoDuo.Models.csproj", "{3776A696-1B39-4F66-A82B-928B643DF773}"
EndProject
Project("{2150E333-8FDC-42A3-9474-1A3956D46DE8}") = "04.Data Access Layer", "04.Data Access Layer", "{CD383BCC-08E9-4890-8F99-DEAA5E82AEE5}"
EndProject
Project("{FAE04EC0-301F-11D3-BF4B-00C04F79EFBC}") = "Business.Model", "Business.Model\Business.Model.csproj", "{70223D6E-CD65-43CF-AE3D-A45B263A7BEF}"
EndProject
Global
	GlobalSection(SolutionConfigurationPlatforms) = preSolution
		Debug|Any CPU = Debug|Any CPU
		Release|Any CPU = Release|Any CPU
	EndGlobalSection
	GlobalSection(ProjectConfigurationPlatforms) = postSolution
		{3CE5969F-69CF-4B80-8A9A-F0D8C890CB42}.Debug|Any CPU.ActiveCfg = Debug|Any CPU
		{3CE5969F-69CF-4B80-8A9A-F0D8C890CB42}.Debug|Any CPU.Build.0 = Debug|Any CPU
		{3CE5969F-69CF-4B80-8A9A-F0D8C890CB42}.Release|Any CPU.ActiveCfg = Release|Any CPU
		{3CE5969F-69CF-4B80-8A9A-F0D8C890CB42}.Release|Any CPU.Build.0 = Release|Any CPU
		{9DC65E5C-6FF3-4E0B-B0BC-A73CC7B9D29F}.Debug|Any CPU.ActiveCfg = Debug|Any CPU
		{9DC65E5C-6FF3-4E0B-B0BC-A73CC7B9D29F}.Debug|Any CPU.Build.0 = Debug|Any CPU
		{9DC65E5C-6FF3-4E0B-B0BC-A73CC7B9D29F}.Release|Any CPU.ActiveCfg = Release|Any CPU
		{9DC65E5C-6FF3-4E0B-B0BC-A73CC7B9D29F}.Release|Any CPU.Build.0 = Release|Any CPU
		{3776A696-1B39-4F66-A82B-928B643DF773}.Debug|Any CPU.ActiveCfg = Debug|Any CPU
		{3776A696-1B39-4F66-A82B-928B643DF773}.Debug|Any CPU.Build.0 = Debug|Any CPU
		{3776A696-1B39-4F66-A82B-928B643DF773}.Release|Any CPU.ActiveCfg = Release|Any CPU
		{3776A696-1B39-4F66-A82B-928B643DF773}.Release|Any CPU.Build.0 = Release|Any CPU
		{70223D6E-CD65-43CF-AE3D-A45B263A7BEF}.Debug|Any CPU.ActiveCfg = Debug|Any CPU
		{70223D6E-CD65-43CF-AE3D-A45B263A7BEF}.Debug|Any CPU.Build.0 = Debug|Any CPU
		{70223D6E-CD65-43CF-AE3D-A45B263A7BEF}.Release|Any CPU.ActiveCfg = Release|Any CPU
		{70223D6E-CD65-43CF-AE3D-A45B263A7BEF}.Release|Any CPU.Build.0 = Release|Any CPU
	EndGlobalSection
	GlobalSection(SolutionProperties) = preSolution
		HideSolutionNode = FALSE
	EndGlobalSection
	GlobalSection(NestedProjects) = preSolution
		{9DC65E5C-6FF3-4E0B-B0BC-A73CC7B9D29F} = {27C6930E-561D-435E-9F9F-D4101EB723D6}
		{3776A696-1B39-4F66-A82B-928B643DF773} = {16EF3897-14E3-4931-B8BF-E91C103AC0C9}
		{70223D6E-CD65-43CF-AE3D-A45B263A7BEF} = {16EF3897-14E3-4931-B8BF-E91C103AC0C9}
	EndGlobalSection
	GlobalSection(ExtensibilityGlobals) = postSolution
		SolutionGuid = {0B229063-D089-40D3-8212-D2EA7A375603}
	EndGlobalSection
EndGlobal
